
Microsoft Visual Studio Solution File, Format Version 12.00
# Visual Studio 14
VisualStudioVersion = 14.0.25420.1
MinimumVisualStudioVersion = 10.0.40219.1
Project("{FAE04EC0-301F-11D3-BF4B-00C04F79EFBC}") = "EasyDeploy.Core", "EasyDeploy.Core\EasyDeploy.Core.csproj", "{1E09EC47-ACDF-461C-82C5-37F993ACFA77}"
EndProject
Project("{FAE04EC0-301F-11D3-BF4B-00C04F79EFBC}") = "EasyDeploy.GUI", "EasyDeploy.GUI\EasyDeploy.GUI.csproj", "{28164AB9-5736-4FAD-9E05-99923995CA03}"
EndProject
Project("{FAE04EC0-301F-11D3-BF4B-00C04F79EFBC}") = "EasyDeploy.GUI.Test", "EasyDeploy.GUI.Test\EasyDeploy.GUI.Test.csproj", "{F17169CF-CFB2-4A35-825C-076EB6BB3E05}"
EndProject
Project("{FAE04EC0-301F-11D3-BF4B-00C04F79EFBC}") = "EasyDeploy.CLI", "EasyDeploy.CLI\EasyDeploy.CLI.csproj", "{5B115F92-7B5B-4F26-87C7-FCD1F284C758}"
EndProject
Global
	GlobalSection(SolutionConfigurationPlatforms) = preSolution
		Debug|Any CPU = Debug|Any CPU
		Release|Any CPU = Release|Any CPU
	EndGlobalSection
	GlobalSection(ProjectConfigurationPlatforms) = postSolution
		{1E09EC47-ACDF-461C-82C5-37F993ACFA77}.Debug|Any CPU.ActiveCfg = Debug|Any CPU
		{1E09EC47-ACDF-461C-82C5-37F993ACFA77}.Debug|Any CPU.Build.0 = Debug|Any CPU
		{1E09EC47-ACDF-461C-82C5-37F993ACFA77}.Release|Any CPU.ActiveCfg = Release|Any CPU
		{1E09EC47-ACDF-461C-82C5-37F993ACFA77}.Release|Any CPU.Build.0 = Release|Any CPU
		{28164AB9-5736-4FAD-9E05-99923995CA03}.Debug|Any CPU.ActiveCfg = Debug|Any CPU
		{28164AB9-5736-4FAD-9E05-99923995CA03}.Debug|Any CPU.Build.0 = Debug|Any CPU
		{28164AB9-5736-4FAD-9E05-99923995CA03}.Release|Any CPU.ActiveCfg = Release|Any CPU
		{28164AB9-5736-4FAD-9E05-99923995CA03}.Release|Any CPU.Build.0 = Release|Any CPU
		{F17169CF-CFB2-4A35-825C-076EB6BB3E05}.Debug|Any CPU.ActiveCfg = Debug|Any CPU
		{F17169CF-CFB2-4A35-825C-076EB6BB3E05}.Debug|Any CPU.Build.0 = Debug|Any CPU
		{F17169CF-CFB2-4A35-825C-076EB6BB3E05}.Release|Any CPU.ActiveCfg = Release|Any CPU
		{F17169CF-CFB2-4A35-825C-076EB6BB3E05}.Release|Any CPU.Build.0 = Release|Any CPU
		{5B115F92-7B5B-4F26-87C7-FCD1F284C758}.Debug|Any CPU.ActiveCfg = Debug|Any CPU
		{5B115F92-7B5B-4F26-87C7-FCD1F284C758}.Debug|Any CPU.Build.0 = Debug|Any CPU
		{5B115F92-7B5B-4F26-87C7-FCD1F284C758}.Release|Any CPU.ActiveCfg = Release|Any CPU
		{5B115F92-7B5B-4F26-87C7-FCD1F284C758}.Release|Any CPU.Build.0 = Release|Any CPU
	EndGlobalSection
	GlobalSection(SolutionProperties) = preSolution
		HideSolutionNode = FALSE
	EndGlobalSection
EndGlobal
